
Microsoft Visual Studio Solution File, Format Version 12.00
# Visual Studio Version 17
VisualStudioVersion = 17.0.31903.59
MinimumVisualStudioVersion = 10.0.40219.1
Project("{2150E333-8FDC-42A3-9474-1A3956D46DE8}") = "src", "src", "{D3145763-1485-42BE-9764-90C670179FF3}"
EndProject
Project("{FAE04EC0-301F-11D3-BF4B-00C04F79EFBC}") = "InfoWave.MonoGame", "src\InfoWave.MonoGame\InfoWave.MonoGame.csproj", "{6E5A250D-CC5E-4383-A7D8-4333399B8D49}"
EndProject
Project("{FAE04EC0-301F-11D3-BF4B-00C04F79EFBC}") = "InfoWave", "src\InfoWave\InfoWave.csproj", "{B2758B62-950F-4F19-84D0-86965CBBB493}"
EndProject
Project("{FAE04EC0-301F-11D3-BF4B-00C04F79EFBC}") = "InfoWave.Console", "src\InfoWave.Console\InfoWave.Console.csproj", "{A4EA19D1-CB74-45DD-BBE8-B73BCB30142C}"
EndProject
Global
	GlobalSection(SolutionConfigurationPlatforms) = preSolution
		Debug|Any CPU = Debug|Any CPU
		Release|Any CPU = Release|Any CPU
	EndGlobalSection
	GlobalSection(SolutionProperties) = preSolution
		HideSolutionNode = FALSE
	EndGlobalSection
	GlobalSection(ProjectConfigurationPlatforms) = postSolution
		{6E5A250D-CC5E-4383-A7D8-4333399B8D49}.Debug|Any CPU.ActiveCfg = Debug|Any CPU
		{6E5A250D-CC5E-4383-A7D8-4333399B8D49}.Debug|Any CPU.Build.0 = Debug|Any CPU
		{6E5A250D-CC5E-4383-A7D8-4333399B8D49}.Release|Any CPU.ActiveCfg = Release|Any CPU
		{6E5A250D-CC5E-4383-A7D8-4333399B8D49}.Release|Any CPU.Build.0 = Release|Any CPU
		{B2758B62-950F-4F19-84D0-86965CBBB493}.Debug|Any CPU.ActiveCfg = Debug|Any CPU
		{B2758B62-950F-4F19-84D0-86965CBBB493}.Debug|Any CPU.Build.0 = Debug|Any CPU
		{B2758B62-950F-4F19-84D0-86965CBBB493}.Release|Any CPU.ActiveCfg = Release|Any CPU
		{B2758B62-950F-4F19-84D0-86965CBBB493}.Release|Any CPU.Build.0 = Release|Any CPU
		{A4EA19D1-CB74-45DD-BBE8-B73BCB30142C}.Debug|Any CPU.ActiveCfg = Debug|Any CPU
		{A4EA19D1-CB74-45DD-BBE8-B73BCB30142C}.Debug|Any CPU.Build.0 = Debug|Any CPU
		{A4EA19D1-CB74-45DD-BBE8-B73BCB30142C}.Release|Any CPU.ActiveCfg = Release|Any CPU
		{A4EA19D1-CB74-45DD-BBE8-B73BCB30142C}.Release|Any CPU.Build.0 = Release|Any CPU
	EndGlobalSection
	GlobalSection(NestedProjects) = preSolution
		{6E5A250D-CC5E-4383-A7D8-4333399B8D49} = {D3145763-1485-42BE-9764-90C670179FF3}
		{B2758B62-950F-4F19-84D0-86965CBBB493} = {D3145763-1485-42BE-9764-90C670179FF3}
		{A4EA19D1-CB74-45DD-BBE8-B73BCB30142C} = {D3145763-1485-42BE-9764-90C670179FF3}
	EndGlobalSection
EndGlobal
